
Microsoft Visual Studio Solution File, Format Version 12.00
# Visual Studio Version 17
VisualStudioVersion = 17.1.32228.430
MinimumVisualStudioVersion = 10.0.40219.1
Project("{FAE04EC0-301F-11D3-BF4B-00C04F79EFBC}") = "InterfaceInsert", "InterfaceInsert\InterfaceInsert.csproj", "{C5D80567-96FB-4587-A24D-EA393B648B66}"
EndProject
Global
	GlobalSection(SolutionConfigurationPlatforms) = preSolution
		Debug|Any CPU = Debug|Any CPU
		Release|Any CPU = Release|Any CPU
	EndGlobalSection
	GlobalSection(ProjectConfigurationPlatforms) = postSolution
		{C5D80567-96FB-4587-A24D-EA393B648B66}.Debug|Any CPU.ActiveCfg = Debug|Any CPU
		{C5D80567-96FB-4587-A24D-EA393B648B66}.Debug|Any CPU.Build.0 = Debug|Any CPU
		{C5D80567-96FB-4587-A24D-EA393B648B66}.Release|Any CPU.ActiveCfg = Release|Any CPU
		{C5D80567-96FB-4587-A24D-EA393B648B66}.Release|Any CPU.Build.0 = Release|Any CPU
	EndGlobalSection
	GlobalSection(SolutionProperties) = preSolution
		HideSolutionNode = FALSE
	EndGlobalSection
	GlobalSection(ExtensibilityGlobals) = postSolution
		SolutionGuid = {B4B4F091-5D0D-4DF9-8C5C-D812671C09E8}
	EndGlobalSection
EndGlobal
